
Microsoft Visual Studio Solution File, Format Version 12.00
# Visual Studio Version 17
VisualStudioVersion = 17.5.002.0
MinimumVisualStudioVersion = 10.0.40219.1
Project("{9A19103F-16F7-4668-BE54-9A1E7A4F7556}") = "JSAjaxScraper", "JSAjaxScraper.csproj", "{F5BACAD9-935C-48C9-AEF0-80F811FAE21D}"
EndProject
Global
	GlobalSection(SolutionConfigurationPlatforms) = preSolution
		Debug|Any CPU = Debug|Any CPU
		Release|Any CPU = Release|Any CPU
	EndGlobalSection
	GlobalSection(ProjectConfigurationPlatforms) = postSolution
		{F5BACAD9-935C-48C9-AEF0-80F811FAE21D}.Debug|Any CPU.ActiveCfg = Debug|Any CPU
		{F5BACAD9-935C-48C9-AEF0-80F811FAE21D}.Debug|Any CPU.Build.0 = Debug|Any CPU
		{F5BACAD9-935C-48C9-AEF0-80F811FAE21D}.Release|Any CPU.ActiveCfg = Release|Any CPU
		{F5BACAD9-935C-48C9-AEF0-80F811FAE21D}.Release|Any CPU.Build.0 = Release|Any CPU
	EndGlobalSection
	GlobalSection(SolutionProperties) = preSolution
		HideSolutionNode = FALSE
	EndGlobalSection
	GlobalSection(ExtensibilityGlobals) = postSolution
		SolutionGuid = {351815B0-57B8-4B86-8B7D-9D631DF757FA}
	EndGlobalSection
EndGlobal
